// !$*UTF8*$!
{
	archiveVersion = 1;
	classes = {
	};
	objectVersion = 46;
	objects = {

/* Begin PBXBuildFile section */
		00CA0CB0FE56B1B204489CC2 /* MenuBarLabelView.swift in Sources */ = {isa = PBXBuildFile; fileRef = 330C55340506720B686749B9 /* MenuBarLabelView.swift */; };
		0BBF16D2C940D9E45FFC0378 /* AppIcon.png in Resources */ = {isa = PBXBuildFile; fileRef = B75FB0349B9DDF554C256225 /* AppIcon.png */; };
		0CAAD717FFAAF99945F98CF8 /* BrewUpdateRunner.swift in Sources */ = {isa = PBXBuildFile; fileRef = EEAF2AB0E833C41613BC50F3 /* BrewUpdateRunner.swift */; };
		0CF3A14CD9F832E6D2575003 /* OverlayWindowHelper.swift in Sources */ = {isa = PBXBuildFile; fileRef = 27EF4317298DE84D46F071EE /* OverlayWindowHelper.swift */; };
		0E92A2459CF962DA74708DD4 /* StatusMenuView.swift in Sources */ = {isa = PBXBuildFile; fileRef = 0CB516229FB39906AF1268E7 /* StatusMenuView.swift */; };
		110B9EF50B58AE11D0D8F190 /* AppShellTypes.swift in Sources */ = {isa = PBXBuildFile; fileRef = D04C8E7C1A0F936EF1270697 /* AppShellTypes.swift */; };
		1989BFE259A3976015F588D1 /* SettingsView.swift in Sources */ = {isa = PBXBuildFile; fileRef = 04D59F88267257827B6CF721 /* SettingsView.swift */; };
		2429F75981446B8DB2F4C514 /* Cocoa.framework in Frameworks */ = {isa = PBXBuildFile; fileRef = 93ACB7931BF3BE5497F9EC1E /* Cocoa.framework */; };
		24D18F6EFC44ACFA5E59A3EB /* SettingsStore.swift in Sources */ = {isa = PBXBuildFile; fileRef = 4FF6F6158D1355476016F854 /* SettingsStore.swift */; };
		3177292FE31BBCC4E145D718 /* UpdateManager.swift in Sources */ = {isa = PBXBuildFile; fileRef = 67C7152D42D6999DEEF7F239 /* UpdateManager.swift */; };
		3824C058424445560D711F35 /* BreakOverlayView.swift in Sources */ = {isa = PBXBuildFile; fileRef = 9D23EA11DB8E728485088349 /* BreakOverlayView.swift */; };
		394B416249329C94F741A10D /* ApplicationDelegate.swift in Sources */ = {isa = PBXBuildFile; fileRef = FD0111E835C3BF627B3E7086 /* ApplicationDelegate.swift */; };
		40C1CA790FD47AB6522ED81E /* SharedStyles.swift in Sources */ = {isa = PBXBuildFile; fileRef = F73960635CCA3C27BCBC4A3D /* SharedStyles.swift */; };
		4DBB7DEDD61BE38D0F36075A /* AppModel.swift in Sources */ = {isa = PBXBuildFile; fileRef = 174E836AFFC34191D245EEAC /* AppModel.swift */; };
		4F9F3CE95421F835924D2D2F /* OnboardingFlowWindowController.swift in Sources */ = {isa = PBXBuildFile; fileRef = 23D37A446500C0D9ED30ADB5 /* OnboardingFlowWindowController.swift */; };
		5B9F72C8AFE0ECB7A8FAC37A /* SettingsWindowController.swift in Sources */ = {isa = PBXBuildFile; fileRef = 0A89909DDF790D4E33B7C44D /* SettingsWindowController.swift */; };
		6280945DE4711D1ADEFE77FC /* AppEntry.swift in Sources */ = {isa = PBXBuildFile; fileRef = 6C4B15D8967CE2DFC48C3ED5 /* AppEntry.swift */; };
		68F452CDADF4314039D4CE4E /* Assets.xcassets in Resources */ = {isa = PBXBuildFile; fileRef = D82B61F25C2ACAFC95A55388 /* Assets.xcassets */; };
		734ACBE289072C5F2DBA78E7 /* PopoverContentView.swift in Sources */ = {isa = PBXBuildFile; fileRef = A4094C489FB15E2067C3C9BC /* PopoverContentView.swift */; };
		863CDAC45318DCB33D8432D3 /* AppWindowCoordinator.swift in Sources */ = {isa = PBXBuildFile; fileRef = 7A029722B6077E1699D3EFF2 /* AppWindowCoordinator.swift */; };
		8695DADB80D6B2A5E914D1AC /* WellnessReminderEngine.swift in Sources */ = {isa = PBXBuildFile; fileRef = 5A5DD9D0F6093FD5CE106487 /* WellnessReminderEngine.swift */; };
		86A3C66B253BD7BAA0C44225 /* OnboardingFlowView.swift in Sources */ = {isa = PBXBuildFile; fileRef = 083CB0A276F23ED59506390D /* OnboardingFlowView.swift */; };
		8721F86846E017DB68EA28A0 /* WorkspaceContextProvider.swift in Sources */ = {isa = PBXBuildFile; fileRef = 762D0553D84D3FCEAE858069 /* WorkspaceContextProvider.swift */; };
		88945699DAAF94F05D785180 /* WellnessPanelController.swift in Sources */ = {isa = PBXBuildFile; fileRef = 2A7E0E675C61E150ADD958F1 /* WellnessPanelController.swift */; };
		978ABAFD5DCB9E73C8D11B39 /* TimerPhaseDisplay.swift in Sources */ = {isa = PBXBuildFile; fileRef = 524A670A09A46E648303A67D /* TimerPhaseDisplay.swift */; };
		9E3DEEE7DAFA35C914FE784C /* libCore.a in Frameworks */ = {isa = PBXBuildFile; fileRef = 95A937CB53F2E0B629AF4D40 /* libCore.a */; };
		A93E55DDDFB36752FBCE723A /* ActivityMonitor.swift in Sources */ = {isa = PBXBuildFile; fileRef = E378B5066EB8F10916A2B023 /* ActivityMonitor.swift */; };
		B7F2790F52A4CE9E7DEC1AAD /* LaunchAtLoginController.swift in Sources */ = {isa = PBXBuildFile; fileRef = 0AB3F8DA51B74BBF81E97444 /* LaunchAtLoginController.swift */; };
		C0F71B1B81019621E10F5DF3 /* Models.swift in Sources */ = {isa = PBXBuildFile; fileRef = F85243B04E9254347C713BAA /* Models.swift */; };
		C675936969682EBA44F63891 /* ContextualEducationEngine.swift in Sources */ = {isa = PBXBuildFile; fileRef = 9DC34039FD6CDFDF8EB1ECDE /* ContextualEducationEngine.swift */; };
		CE29A81A209A688F3A955FD1 /* ConfettiSwiftUI in Frameworks */ = {isa = PBXBuildFile; productRef = 013FE8054996EA5F68465CDA /* ConfettiSwiftUI */; };
		DF667069278437A35014B169 /* BreakScheduler.swift in Sources */ = {isa = PBXBuildFile; fileRef = 9C36FF70598982DAE52DF21B /* BreakScheduler.swift */; };
		EEDA0BEBD809A2D2A620AD28 /* BreakOverlayWindowController.swift in Sources */ = {isa = PBXBuildFile; fileRef = 4442D8EDB6B4987BD589C6B7 /* BreakOverlayWindowController.swift */; };
		F9B6E3BA933F49D217195F34 /* AppLaunchConfiguration.swift in Sources */ = {isa = PBXBuildFile; fileRef = 3238B0477FF5F803BD7526CA /* AppLaunchConfiguration.swift */; };
/* End PBXBuildFile section */

/* Begin PBXContainerItemProxy section */
		B78CE0F6C819449E625059FA /* PBXContainerItemProxy */ = {
			isa = PBXContainerItemProxy;
			containerPortal = C8FA99FAB6188905F6C22179 /* Project object */;
			proxyType = 1;
			remoteGlobalIDString = 0A9AAEE3B7EBBB0CF1D436AF;
			remoteInfo = Core;
		};
/* End PBXContainerItemProxy section */

/* Begin PBXFileReference section */
		04D59F88267257827B6CF721 /* SettingsView.swift */ = {isa = PBXFileReference; includeInIndex = 1; lastKnownFileType = sourcecode.swift; path = SettingsView.swift; sourceTree = "<group>"; };
		083CB0A276F23ED59506390D /* OnboardingFlowView.swift */ = {isa = PBXFileReference; includeInIndex = 1; lastKnownFileType = sourcecode.swift; path = OnboardingFlowView.swift; sourceTree = "<group>"; };
		0A89909DDF790D4E33B7C44D /* SettingsWindowController.swift */ = {isa = PBXFileReference; includeInIndex = 1; lastKnownFileType = sourcecode.swift; path = SettingsWindowController.swift; sourceTree = "<group>"; };
		0AB3F8DA51B74BBF81E97444 /* LaunchAtLoginController.swift */ = {isa = PBXFileReference; includeInIndex = 1; lastKnownFileType = sourcecode.swift; path = LaunchAtLoginController.swift; sourceTree = "<group>"; };
		0CB516229FB39906AF1268E7 /* StatusMenuView.swift */ = {isa = PBXFileReference; includeInIndex = 1; lastKnownFileType = sourcecode.swift; path = StatusMenuView.swift; sourceTree = "<group>"; };
		174E836AFFC34191D245EEAC /* AppModel.swift */ = {isa = PBXFileReference; includeInIndex = 1; lastKnownFileType = sourcecode.swift; path = AppModel.swift; sourceTree = "<group>"; };
		23D37A446500C0D9ED30ADB5 /* OnboardingFlowWindowController.swift */ = {isa = PBXFileReference; includeInIndex = 1; lastKnownFileType = sourcecode.swift; path = OnboardingFlowWindowController.swift; sourceTree = "<group>"; };
		27EF4317298DE84D46F071EE /* OverlayWindowHelper.swift */ = {isa = PBXFileReference; includeInIndex = 1; lastKnownFileType = sourcecode.swift; path = OverlayWindowHelper.swift; sourceTree = "<group>"; };
		2A7E0E675C61E150ADD958F1 /* WellnessPanelController.swift */ = {isa = PBXFileReference; includeInIndex = 1; lastKnownFileType = sourcecode.swift; path = WellnessPanelController.swift; sourceTree = "<group>"; };
		3238B0477FF5F803BD7526CA /* AppLaunchConfiguration.swift */ = {isa = PBXFileReference; includeInIndex = 1; lastKnownFileType = sourcecode.swift; path = AppLaunchConfiguration.swift; sourceTree = "<group>"; };
		330C55340506720B686749B9 /* MenuBarLabelView.swift */ = {isa = PBXFileReference; includeInIndex = 1; lastKnownFileType = sourcecode.swift; path = MenuBarLabelView.swift; sourceTree = "<group>"; };
		3F36EF8B5AADA03FEB8FE6D6 /* README.md */ = {isa = PBXFileReference; includeInIndex = 1; path = README.md; sourceTree = "<group>"; };
		4442D8EDB6B4987BD589C6B7 /* BreakOverlayWindowController.swift */ = {isa = PBXFileReference; includeInIndex = 1; lastKnownFileType = sourcecode.swift; path = BreakOverlayWindowController.swift; sourceTree = "<group>"; };
		4FF6F6158D1355476016F854 /* SettingsStore.swift */ = {isa = PBXFileReference; includeInIndex = 1; lastKnownFileType = sourcecode.swift; path = SettingsStore.swift; sourceTree = "<group>"; };
		524A670A09A46E648303A67D /* TimerPhaseDisplay.swift */ = {isa = PBXFileReference; includeInIndex = 1; lastKnownFileType = sourcecode.swift; path = TimerPhaseDisplay.swift; sourceTree = "<group>"; };
		530584BA71DD9F591CCA946E /* release.sh */ = {isa = PBXFileReference; includeInIndex = 1; lastKnownFileType = text.script.sh; path = release.sh; sourceTree = "<group>"; };
		5A5DD9D0F6093FD5CE106487 /* WellnessReminderEngine.swift */ = {isa = PBXFileReference; includeInIndex = 1; lastKnownFileType = sourcecode.swift; path = WellnessReminderEngine.swift; sourceTree = "<group>"; };
		5B523053AD476F7647B1A748 /* create-dmg.sh */ = {isa = PBXFileReference; includeInIndex = 1; lastKnownFileType = text.script.sh; path = "create-dmg.sh"; sourceTree = "<group>"; };
		67C7152D42D6999DEEF7F239 /* UpdateManager.swift */ = {isa = PBXFileReference; includeInIndex = 1; lastKnownFileType = sourcecode.swift; path = UpdateManager.swift; sourceTree = "<group>"; };
		6C4B15D8967CE2DFC48C3ED5 /* AppEntry.swift */ = {isa = PBXFileReference; includeInIndex = 1; lastKnownFileType = sourcecode.swift; path = AppEntry.swift; sourceTree = "<group>"; };
		6FD53FDAE55BB852E899C410 /* knook.rb */ = {isa = PBXFileReference; includeInIndex = 1; path = knook.rb; sourceTree = "<group>"; };
		762D0553D84D3FCEAE858069 /* WorkspaceContextProvider.swift */ = {isa = PBXFileReference; includeInIndex = 1; lastKnownFileType = sourcecode.swift; path = WorkspaceContextProvider.swift; sourceTree = "<group>"; };
		7A029722B6077E1699D3EFF2 /* AppWindowCoordinator.swift */ = {isa = PBXFileReference; includeInIndex = 1; lastKnownFileType = sourcecode.swift; path = AppWindowCoordinator.swift; sourceTree = "<group>"; };
		93ACB7931BF3BE5497F9EC1E /* Cocoa.framework */ = {isa = PBXFileReference; lastKnownFileType = wrapper.framework; name = Cocoa.framework; path = Platforms/MacOSX.platform/Developer/SDKs/MacOSX15.0.sdk/System/Library/Frameworks/Cocoa.framework; sourceTree = DEVELOPER_DIR; };
		95A937CB53F2E0B629AF4D40 /* libCore.a */ = {isa = PBXFileReference; explicitFileType = archive.ar; includeInIndex = 0; path = libCore.a; sourceTree = BUILT_PRODUCTS_DIR; };
		9C36FF70598982DAE52DF21B /* BreakScheduler.swift */ = {isa = PBXFileReference; includeInIndex = 1; lastKnownFileType = sourcecode.swift; path = BreakScheduler.swift; sourceTree = "<group>"; };
		9D23EA11DB8E728485088349 /* BreakOverlayView.swift */ = {isa = PBXFileReference; includeInIndex = 1; lastKnownFileType = sourcecode.swift; path = BreakOverlayView.swift; sourceTree = "<group>"; };
		9DC34039FD6CDFDF8EB1ECDE /* ContextualEducationEngine.swift */ = {isa = PBXFileReference; includeInIndex = 1; lastKnownFileType = sourcecode.swift; path = ContextualEducationEngine.swift; sourceTree = "<group>"; };
		A4094C489FB15E2067C3C9BC /* PopoverContentView.swift */ = {isa = PBXFileReference; includeInIndex = 1; lastKnownFileType = sourcecode.swift; path = PopoverContentView.swift; sourceTree = "<group>"; };
		B75FB0349B9DDF554C256225 /* AppIcon.png */ = {isa = PBXFileReference; includeInIndex = 1; lastKnownFileType = image.png; path = AppIcon.png; sourceTree = "<group>"; };
		C4574B5CB3633103AC4FDB83 /* knook.app */ = {isa = PBXFileReference; explicitFileType = wrapper.application; includeInIndex = 0; path = knook.app; sourceTree = BUILT_PRODUCTS_DIR; };
		C58C78D7AAD80A9F0B873878 /* generate-app-icons.sh */ = {isa = PBXFileReference; includeInIndex = 1; lastKnownFileType = text.script.sh; path = "generate-app-icons.sh"; sourceTree = "<group>"; };
		D04C8E7C1A0F936EF1270697 /* AppShellTypes.swift */ = {isa = PBXFileReference; includeInIndex = 1; lastKnownFileType = sourcecode.swift; path = AppShellTypes.swift; sourceTree = "<group>"; };
		D82B61F25C2ACAFC95A55388 /* Assets.xcassets */ = {isa = PBXFileReference; includeInIndex = 1; lastKnownFileType = folder.assetcatalog; path = Assets.xcassets; sourceTree = "<group>"; };
		E04617F458879F52E7703D59 /* generate-xcodeproj.rb */ = {isa = PBXFileReference; includeInIndex = 1; path = "generate-xcodeproj.rb"; sourceTree = "<group>"; };
		E378B5066EB8F10916A2B023 /* ActivityMonitor.swift */ = {isa = PBXFileReference; includeInIndex = 1; lastKnownFileType = sourcecode.swift; path = ActivityMonitor.swift; sourceTree = "<group>"; };
		EEAF2AB0E833C41613BC50F3 /* BrewUpdateRunner.swift */ = {isa = PBXFileReference; includeInIndex = 1; lastKnownFileType = sourcecode.swift; path = BrewUpdateRunner.swift; sourceTree = "<group>"; };
		F4434DE6E0AE7667502502A8 /* ExportOptions.plist */ = {isa = PBXFileReference; includeInIndex = 1; lastKnownFileType = text.plist.xml; path = ExportOptions.plist; sourceTree = "<group>"; };
		F73960635CCA3C27BCBC4A3D /* SharedStyles.swift */ = {isa = PBXFileReference; includeInIndex = 1; lastKnownFileType = sourcecode.swift; path = SharedStyles.swift; sourceTree = "<group>"; };
		F85243B04E9254347C713BAA /* Models.swift */ = {isa = PBXFileReference; includeInIndex = 1; lastKnownFileType = sourcecode.swift; path = Models.swift; sourceTree = "<group>"; };
		FC8AB00141221C3A461192EA /* Info.plist */ = {isa = PBXFileReference; includeInIndex = 1; lastKnownFileType = text.plist.xml; path = Info.plist; sourceTree = "<group>"; };
		FD0111E835C3BF627B3E7086 /* ApplicationDelegate.swift */ = {isa = PBXFileReference; includeInIndex = 1; lastKnownFileType = sourcecode.swift; path = ApplicationDelegate.swift; sourceTree = "<group>"; };
/* End PBXFileReference section */

/* Begin PBXFrameworksBuildPhase section */
		512C50EEADD535AFF144040B /* Frameworks */ = {
			isa = PBXFrameworksBuildPhase;
			buildActionMask = 2147483647;
			files = (
			);
			runOnlyForDeploymentPostprocessing = 0;
		};
		E414A151A9BFE7AF45F7A9FA /* Frameworks */ = {
			isa = PBXFrameworksBuildPhase;
			buildActionMask = 2147483647;
			files = (
				2429F75981446B8DB2F4C514 /* Cocoa.framework in Frameworks */,
				CE29A81A209A688F3A955FD1 /* ConfettiSwiftUI in Frameworks */,
				9E3DEEE7DAFA35C914FE784C /* libCore.a in Frameworks */,
			);
			runOnlyForDeploymentPostprocessing = 0;
		};
/* End PBXFrameworksBuildPhase section */

/* Begin PBXGroup section */
		3CB414D014C623A93BBC0488 /* Resources */ = {
			isa = PBXGroup;
			children = (
				B75FB0349B9DDF554C256225 /* AppIcon.png */,
				D82B61F25C2ACAFC95A55388 /* Assets.xcassets */,
			);
			name = Resources;
			path = Resources;
			sourceTree = "<group>";
		};
		4BFD5D76B742C97DF7A9292C /* AppShell */ = {
			isa = PBXGroup;
			children = (
				6C4B15D8967CE2DFC48C3ED5 /* AppEntry.swift */,
				3238B0477FF5F803BD7526CA /* AppLaunchConfiguration.swift */,
				FD0111E835C3BF627B3E7086 /* ApplicationDelegate.swift */,
				174E836AFFC34191D245EEAC /* AppModel.swift */,
				D04C8E7C1A0F936EF1270697 /* AppShellTypes.swift */,
				7A029722B6077E1699D3EFF2 /* AppWindowCoordinator.swift */,
				9D23EA11DB8E728485088349 /* BreakOverlayView.swift */,
				4442D8EDB6B4987BD589C6B7 /* BreakOverlayWindowController.swift */,
				EEAF2AB0E833C41613BC50F3 /* BrewUpdateRunner.swift */,
				330C55340506720B686749B9 /* MenuBarLabelView.swift */,
				083CB0A276F23ED59506390D /* OnboardingFlowView.swift */,
				23D37A446500C0D9ED30ADB5 /* OnboardingFlowWindowController.swift */,
				27EF4317298DE84D46F071EE /* OverlayWindowHelper.swift */,
				A4094C489FB15E2067C3C9BC /* PopoverContentView.swift */,
				3CB414D014C623A93BBC0488 /* Resources */,
				04D59F88267257827B6CF721 /* SettingsView.swift */,
				0A89909DDF790D4E33B7C44D /* SettingsWindowController.swift */,
				F73960635CCA3C27BCBC4A3D /* SharedStyles.swift */,
				0CB516229FB39906AF1268E7 /* StatusMenuView.swift */,
				524A670A09A46E648303A67D /* TimerPhaseDisplay.swift */,
				67C7152D42D6999DEEF7F239 /* UpdateManager.swift */,
				2A7E0E675C61E150ADD958F1 /* WellnessPanelController.swift */,
			);
			name = AppShell;
			path = AppShell;
			sourceTree = "<group>";
		};
		5D7D79B537198B48830A89E9 /* macos */ = {
			isa = PBXGroup;
			children = (
				5B523053AD476F7647B1A748 /* create-dmg.sh */,
				F4434DE6E0AE7667502502A8 /* ExportOptions.plist */,
				C58C78D7AAD80A9F0B873878 /* generate-app-icons.sh */,
				E04617F458879F52E7703D59 /* generate-xcodeproj.rb */,
				FC8AB00141221C3A461192EA /* Info.plist */,
				530584BA71DD9F591CCA946E /* release.sh */,
			);
			name = macos;
			path = macos;
			sourceTree = "<group>";
		};
		66A2976D6A57DFDF33F4C9D8 /* Sources */ = {
			isa = PBXGroup;
			children = (
				4BFD5D76B742C97DF7A9292C /* AppShell */,
				FE5327DF147E7BD950238600 /* Core */,
			);
			name = Sources;
			path = Sources;
			sourceTree = SOURCE_ROOT;
		};
		6FA2955DA57A81FEA1855777 = {
			isa = PBXGroup;
			children = (
				F1ADDE2E85BE82D4E9AE4984 /* Frameworks */,
				D777E9BE4BF1B4A31F54C51C /* packaging */,
				AA912A8D29183BFA40DAF3D3 /* Products */,
				66A2976D6A57DFDF33F4C9D8 /* Sources */,
			);
			sourceTree = "<group>";
		};
		A4F2880B196372DB2BF08C3E /* OS X */ = {
			isa = PBXGroup;
			children = (
				93ACB7931BF3BE5497F9EC1E /* Cocoa.framework */,
			);
			name = "OS X";
			sourceTree = "<group>";
		};
		AA912A8D29183BFA40DAF3D3 /* Products */ = {
			isa = PBXGroup;
			children = (
				C4574B5CB3633103AC4FDB83 /* knook.app */,
				95A937CB53F2E0B629AF4D40 /* libCore.a */,
			);
			name = Products;
			sourceTree = "<group>";
		};
		CCF0DDA35324F2F0BE53881E /* Casks */ = {
			isa = PBXGroup;
			children = (
				6FD53FDAE55BB852E899C410 /* knook.rb */,
			);
			name = Casks;
			path = Casks;
			sourceTree = "<group>";
		};
		D777E9BE4BF1B4A31F54C51C /* packaging */ = {
			isa = PBXGroup;
			children = (
				E9353908D64DA863C2110316 /* homebrew */,
				5D7D79B537198B48830A89E9 /* macos */,
			);
			name = packaging;
			path = packaging;
			sourceTree = SOURCE_ROOT;
		};
		E9353908D64DA863C2110316 /* homebrew */ = {
			isa = PBXGroup;
			children = (
				CCF0DDA35324F2F0BE53881E /* Casks */,
				3F36EF8B5AADA03FEB8FE6D6 /* README.md */,
			);
			name = homebrew;
			path = homebrew;
			sourceTree = "<group>";
		};
		F1ADDE2E85BE82D4E9AE4984 /* Frameworks */ = {
			isa = PBXGroup;
			children = (
				A4F2880B196372DB2BF08C3E /* OS X */,
			);
			name = Frameworks;
			sourceTree = "<group>";
		};
		FE5327DF147E7BD950238600 /* Core */ = {
			isa = PBXGroup;
			children = (
				E378B5066EB8F10916A2B023 /* ActivityMonitor.swift */,
				9C36FF70598982DAE52DF21B /* BreakScheduler.swift */,
				9DC34039FD6CDFDF8EB1ECDE /* ContextualEducationEngine.swift */,
				0AB3F8DA51B74BBF81E97444 /* LaunchAtLoginController.swift */,
				F85243B04E9254347C713BAA /* Models.swift */,
				4FF6F6158D1355476016F854 /* SettingsStore.swift */,
				5A5DD9D0F6093FD5CE106487 /* WellnessReminderEngine.swift */,
				762D0553D84D3FCEAE858069 /* WorkspaceContextProvider.swift */,
			);
			name = Core;
			path = Core;
			sourceTree = "<group>";
		};
/* End PBXGroup section */

/* Begin PBXHeadersBuildPhase section */
		6B2E085A56E799F048E66911 /* Headers */ = {
			isa = PBXHeadersBuildPhase;
			buildActionMask = 2147483647;
			files = (
			);
			runOnlyForDeploymentPostprocessing = 0;
		};
/* End PBXHeadersBuildPhase section */

/* Begin PBXNativeTarget section */
		0A9AAEE3B7EBBB0CF1D436AF /* Core */ = {
			isa = PBXNativeTarget;
			buildConfigurationList = 8C8466AF6F36A0F609B76BEC /* Build configuration list for PBXNativeTarget "Core" */;
			buildPhases = (
				6B2E085A56E799F048E66911 /* Headers */,
				1A6213494630D407ED1165BB /* Sources */,
				512C50EEADD535AFF144040B /* Frameworks */,
			);
			buildRules = (
			);
			dependencies = (
			);
			name = Core;
			productName = Core;
			productReference = 95A937CB53F2E0B629AF4D40 /* libCore.a */;
			productType = "com.apple.product-type.library.static";
		};
		5897682F9607A89BEE526821 /* knook */ = {
			isa = PBXNativeTarget;
			buildConfigurationList = F9C6EDB64566B866483939A6 /* Build configuration list for PBXNativeTarget "knook" */;
			buildPhases = (
				4E99E0D3498D297045141EB0 /* Sources */,
				E414A151A9BFE7AF45F7A9FA /* Frameworks */,
				D12E0EBB06110DDF09A756A4 /* Resources */,
			);
			buildRules = (
			);
			dependencies = (
				7F824F26155F587DA7C5E68C /* PBXTargetDependency */,
			);
			name = knook;
			packageProductDependencies = (
				013FE8054996EA5F68465CDA /* ConfettiSwiftUI */,
			);
			productName = knook;
			productReference = C4574B5CB3633103AC4FDB83 /* knook.app */;
			productType = "com.apple.product-type.application";
		};
/* End PBXNativeTarget section */

/* Begin PBXProject section */
		C8FA99FAB6188905F6C22179 /* Project object */ = {
			isa = PBXProject;
			attributes = {
				LastSwiftUpdateCheck = 1600;
				LastUpgradeCheck = 1600;
			};
			buildConfigurationList = 98C62804861D04AE6FE6CA1D /* Build configuration list for PBXProject "knook" */;
			compatibilityVersion = "Xcode 3.2";
			developmentRegion = en;
			hasScannedForEncodings = 0;
			knownRegions = (
				en,
				Base,
			);
			mainGroup = 6FA2955DA57A81FEA1855777;
			minimizedProjectReferenceProxies = 0;
			packageReferences = (
				06F32C3F14AA1643023D7A07 /* XCRemoteSwiftPackageReference "ConfettiSwiftUI" */,
			);
			preferredProjectObjectVersion = 77;
			productRefGroup = AA912A8D29183BFA40DAF3D3 /* Products */;
			projectDirPath = "";
			projectRoot = "";
			targets = (
				0A9AAEE3B7EBBB0CF1D436AF /* Core */,
				5897682F9607A89BEE526821 /* knook */,
			);
		};
/* End PBXProject section */

/* Begin PBXResourcesBuildPhase section */
		D12E0EBB06110DDF09A756A4 /* Resources */ = {
			isa = PBXResourcesBuildPhase;
			buildActionMask = 2147483647;
			files = (
				0BBF16D2C940D9E45FFC0378 /* AppIcon.png in Resources */,
				68F452CDADF4314039D4CE4E /* Assets.xcassets in Resources */,
			);
			runOnlyForDeploymentPostprocessing = 0;
		};
/* End PBXResourcesBuildPhase section */

/* Begin PBXSourcesBuildPhase section */
		1A6213494630D407ED1165BB /* Sources */ = {
			isa = PBXSourcesBuildPhase;
			buildActionMask = 2147483647;
			files = (
				A93E55DDDFB36752FBCE723A /* ActivityMonitor.swift in Sources */,
				DF667069278437A35014B169 /* BreakScheduler.swift in Sources */,
				C675936969682EBA44F63891 /* ContextualEducationEngine.swift in Sources */,
				B7F2790F52A4CE9E7DEC1AAD /* LaunchAtLoginController.swift in Sources */,
				C0F71B1B81019621E10F5DF3 /* Models.swift in Sources */,
				24D18F6EFC44ACFA5E59A3EB /* SettingsStore.swift in Sources */,
				8695DADB80D6B2A5E914D1AC /* WellnessReminderEngine.swift in Sources */,
				8721F86846E017DB68EA28A0 /* WorkspaceContextProvider.swift in Sources */,
			);
			runOnlyForDeploymentPostprocessing = 0;
		};
		4E99E0D3498D297045141EB0 /* Sources */ = {
			isa = PBXSourcesBuildPhase;
			buildActionMask = 2147483647;
			files = (
				6280945DE4711D1ADEFE77FC /* AppEntry.swift in Sources */,
				F9B6E3BA933F49D217195F34 /* AppLaunchConfiguration.swift in Sources */,
				394B416249329C94F741A10D /* ApplicationDelegate.swift in Sources */,
				4DBB7DEDD61BE38D0F36075A /* AppModel.swift in Sources */,
				110B9EF50B58AE11D0D8F190 /* AppShellTypes.swift in Sources */,
				863CDAC45318DCB33D8432D3 /* AppWindowCoordinator.swift in Sources */,
				3824C058424445560D711F35 /* BreakOverlayView.swift in Sources */,
				EEDA0BEBD809A2D2A620AD28 /* BreakOverlayWindowController.swift in Sources */,
				0CAAD717FFAAF99945F98CF8 /* BrewUpdateRunner.swift in Sources */,
				00CA0CB0FE56B1B204489CC2 /* MenuBarLabelView.swift in Sources */,
				86A3C66B253BD7BAA0C44225 /* OnboardingFlowView.swift in Sources */,
				4F9F3CE95421F835924D2D2F /* OnboardingFlowWindowController.swift in Sources */,
				0CF3A14CD9F832E6D2575003 /* OverlayWindowHelper.swift in Sources */,
				734ACBE289072C5F2DBA78E7 /* PopoverContentView.swift in Sources */,
				1989BFE259A3976015F588D1 /* SettingsView.swift in Sources */,
				5B9F72C8AFE0ECB7A8FAC37A /* SettingsWindowController.swift in Sources */,
				40C1CA790FD47AB6522ED81E /* SharedStyles.swift in Sources */,
				0E92A2459CF962DA74708DD4 /* StatusMenuView.swift in Sources */,
				978ABAFD5DCB9E73C8D11B39 /* TimerPhaseDisplay.swift in Sources */,
				3177292FE31BBCC4E145D718 /* UpdateManager.swift in Sources */,
				88945699DAAF94F05D785180 /* WellnessPanelController.swift in Sources */,
			);
			runOnlyForDeploymentPostprocessing = 0;
		};
/* End PBXSourcesBuildPhase section */

/* Begin PBXTargetDependency section */
		7F824F26155F587DA7C5E68C /* PBXTargetDependency */ = {
			isa = PBXTargetDependency;
			name = Core;
			target = 0A9AAEE3B7EBBB0CF1D436AF /* Core */;
			targetProxy = B78CE0F6C819449E625059FA /* PBXContainerItemProxy */;
		};
/* End PBXTargetDependency section */

/* Begin XCBuildConfiguration section */
		11FF5C161830AD37163DF36B /* Release */ = {
			isa = XCBuildConfiguration;
			buildSettings = {
				DEFINES_MODULE = YES;
				EXECUTABLE_PREFIX = lib;
				MACH_O_TYPE = staticlib;
				MACOSX_DEPLOYMENT_TARGET = 13.0;
				PRODUCT_NAME = Core;
				SDKROOT = macosx;
				SKIP_INSTALL = YES;
				SWIFT_VERSION = 6.0;
			};
			name = Release;
		};
		1D78FD284B3FD51D69B13A68 /* Debug */ = {
			isa = XCBuildConfiguration;
			buildSettings = {
				ALWAYS_SEARCH_USER_PATHS = NO;
				CLANG_ANALYZER_NONNULL = YES;
				CLANG_ANALYZER_NUMBER_OBJECT_CONVERSION = YES_AGGRESSIVE;
				CLANG_CXX_LANGUAGE_STANDARD = "gnu++14";
				CLANG_CXX_LIBRARY = "libc++";
				CLANG_ENABLE_MODULES = YES;
				CLANG_ENABLE_OBJC_ARC = YES;
				CLANG_ENABLE_OBJC_WEAK = YES;
				CLANG_WARN_BLOCK_CAPTURE_AUTORELEASING = YES;
				CLANG_WARN_BOOL_CONVERSION = YES;
				CLANG_WARN_COMMA = YES;
				CLANG_WARN_CONSTANT_CONVERSION = YES;
				CLANG_WARN_DEPRECATED_OBJC_IMPLEMENTATIONS = YES;
				CLANG_WARN_DIRECT_OBJC_ISA_USAGE = YES_ERROR;
				CLANG_WARN_DOCUMENTATION_COMMENTS = YES;
				CLANG_WARN_EMPTY_BODY = YES;
				CLANG_WARN_ENUM_CONVERSION = YES;
				CLANG_WARN_INFINITE_RECURSION = YES;
				CLANG_WARN_INT_CONVERSION = YES;
				CLANG_WARN_NON_LITERAL_NULL_CONVERSION = YES;
				CLANG_WARN_OBJC_IMPLICIT_RETAIN_SELF = YES;
				CLANG_WARN_OBJC_LITERAL_CONVERSION = YES;
				CLANG_WARN_OBJC_ROOT_CLASS = YES_ERROR;
				CLANG_WARN_QUOTED_INCLUDE_IN_FRAMEWORK_HEADER = YES;
				CLANG_WARN_RANGE_LOOP_ANALYSIS = YES;
				CLANG_WARN_STRICT_PROTOTYPES = YES;
				CLANG_WARN_SUSPICIOUS_MOVE = YES;
				CLANG_WARN_UNGUARDED_AVAILABILITY = YES_AGGRESSIVE;
				CLANG_WARN_UNREACHABLE_CODE = YES;
				CLANG_WARN__DUPLICATE_METHOD_MATCH = YES;
				COPY_PHASE_STRIP = NO;
				DEBUG_INFORMATION_FORMAT = dwarf;
				ENABLE_STRICT_OBJC_MSGSEND = YES;
				ENABLE_TESTABILITY = YES;
				GCC_C_LANGUAGE_STANDARD = gnu11;
				GCC_DYNAMIC_NO_PIC = NO;
				GCC_NO_COMMON_BLOCKS = YES;
				GCC_OPTIMIZATION_LEVEL = 0;
				GCC_PREPROCESSOR_DEFINITIONS = (
					"DEBUG=1",
					"$(inherited)",
				);
				GCC_WARN_64_TO_32_BIT_CONVERSION = YES;
				GCC_WARN_ABOUT_RETURN_TYPE = YES_ERROR;
				GCC_WARN_UNDECLARED_SELECTOR = YES;
				GCC_WARN_UNINITIALIZED_AUTOS = YES_AGGRESSIVE;
				GCC_WARN_UNUSED_FUNCTION = YES;
				GCC_WARN_UNUSED_VARIABLE = YES;
				MACOSX_DEPLOYMENT_TARGET = 13.0;
				MTL_ENABLE_DEBUG_INFO = INCLUDE_SOURCE;
				MTL_FAST_MATH = YES;
				ONLY_ACTIVE_ARCH = YES;
				PRODUCT_NAME = "$(TARGET_NAME)";
				SDKROOT = macosx;
				SWIFT_ACTIVE_COMPILATION_CONDITIONS = DEBUG;
				SWIFT_OPTIMIZATION_LEVEL = "-Onone";
				SWIFT_VERSION = 6.0;
			};
			name = Debug;
		};
		71BB9A59088360A573A30030 /* Debug */ = {
			isa = XCBuildConfiguration;
			buildSettings = {
				ASSETCATALOG_COMPILER_APPICON_NAME = AppIcon;
				ASSETCATALOG_COMPILER_GLOBAL_ACCENT_COLOR_NAME = AccentColor;
				"CODE_SIGN_IDENTITY[sdk=macosx*]" = "Developer ID Application";
				CODE_SIGN_STYLE = Automatic;
				COMBINE_HIDPI_IMAGES = YES;
				CURRENT_PROJECT_VERSION = 1;
				DEVELOPMENT_TEAM = "";
				ENABLE_HARDENED_RUNTIME = YES;
				GENERATE_INFOPLIST_FILE = NO;
				INFOPLIST_FILE = packaging/macos/Info.plist;
				LD_RUNPATH_SEARCH_PATHS = "$(inherited) @executable_path/../Frameworks";
				MACOSX_DEPLOYMENT_TARGET = 13.0;
				MARKETING_VERSION = 0.1.9;
				PRODUCT_BUNDLE_IDENTIFIER = io.github.preetsuthar17.knook;
				PRODUCT_NAME = knook;
				SDKROOT = macosx;
				SWIFT_EMIT_LOC_STRINGS = YES;
				SWIFT_VERSION = 6.0;
			};
			name = Debug;
		};
		C9B43899CE0B8AB0FCDF0C67 /* Release */ = {
			isa = XCBuildConfiguration;
			buildSettings = {
				ALWAYS_SEARCH_USER_PATHS = NO;
				CLANG_ANALYZER_NONNULL = YES;
				CLANG_ANALYZER_NUMBER_OBJECT_CONVERSION = YES_AGGRESSIVE;
				CLANG_CXX_LANGUAGE_STANDARD = "gnu++14";
				CLANG_CXX_LIBRARY = "libc++";
				CLANG_ENABLE_MODULES = YES;
				CLANG_ENABLE_OBJC_ARC = YES;
				CLANG_ENABLE_OBJC_WEAK = YES;
				CLANG_WARN_BLOCK_CAPTURE_AUTORELEASING = YES;
				CLANG_WARN_BOOL_CONVERSION = YES;
				CLANG_WARN_COMMA = YES;
				CLANG_WARN_CONSTANT_CONVERSION = YES;
				CLANG_WARN_DEPRECATED_OBJC_IMPLEMENTATIONS = YES;
				CLANG_WARN_DIRECT_OBJC_ISA_USAGE = YES_ERROR;
				CLANG_WARN_DOCUMENTATION_COMMENTS = YES;
				CLANG_WARN_EMPTY_BODY = YES;
				CLANG_WARN_ENUM_CONVERSION = YES;
				CLANG_WARN_INFINITE_RECURSION = YES;
				CLANG_WARN_INT_CONVERSION = YES;
				CLANG_WARN_NON_LITERAL_NULL_CONVERSION = YES;
				CLANG_WARN_OBJC_IMPLICIT_RETAIN_SELF = YES;
				CLANG_WARN_OBJC_LITERAL_CONVERSION = YES;
				CLANG_WARN_OBJC_ROOT_CLASS = YES_ERROR;
				CLANG_WARN_QUOTED_INCLUDE_IN_FRAMEWORK_HEADER = YES;
				CLANG_WARN_RANGE_LOOP_ANALYSIS = YES;
				CLANG_WARN_STRICT_PROTOTYPES = YES;
				CLANG_WARN_SUSPICIOUS_MOVE = YES;
				CLANG_WARN_UNGUARDED_AVAILABILITY = YES_AGGRESSIVE;
				CLANG_WARN_UNREACHABLE_CODE = YES;
				CLANG_WARN__DUPLICATE_METHOD_MATCH = YES;
				COPY_PHASE_STRIP = NO;
				DEBUG_INFORMATION_FORMAT = "dwarf-with-dsym";
				ENABLE_NS_ASSERTIONS = NO;
				ENABLE_STRICT_OBJC_MSGSEND = YES;
				GCC_C_LANGUAGE_STANDARD = gnu11;
				GCC_NO_COMMON_BLOCKS = YES;
				GCC_WARN_64_TO_32_BIT_CONVERSION = YES;
				GCC_WARN_ABOUT_RETURN_TYPE = YES_ERROR;
				GCC_WARN_UNDECLARED_SELECTOR = YES;
				GCC_WARN_UNINITIALIZED_AUTOS = YES_AGGRESSIVE;
				GCC_WARN_UNUSED_FUNCTION = YES;
				GCC_WARN_UNUSED_VARIABLE = YES;
				MACOSX_DEPLOYMENT_TARGET = 13.0;
				MTL_ENABLE_DEBUG_INFO = NO;
				MTL_FAST_MATH = YES;
				PRODUCT_NAME = "$(TARGET_NAME)";
				SDKROOT = macosx;
				SWIFT_COMPILATION_MODE = wholemodule;
				SWIFT_OPTIMIZATION_LEVEL = "-O";
				SWIFT_VERSION = 6.0;
			};
			name = Release;
		};
		F282553260B81E4EC2260108 /* Release */ = {
			isa = XCBuildConfiguration;
			buildSettings = {
				ASSETCATALOG_COMPILER_APPICON_NAME = AppIcon;
				ASSETCATALOG_COMPILER_GLOBAL_ACCENT_COLOR_NAME = AccentColor;
				"CODE_SIGN_IDENTITY[sdk=macosx*]" = "Developer ID Application";
				CODE_SIGN_STYLE = Automatic;
				COMBINE_HIDPI_IMAGES = YES;
				CURRENT_PROJECT_VERSION = 1;
				DEVELOPMENT_TEAM = "";
				ENABLE_HARDENED_RUNTIME = YES;
				GENERATE_INFOPLIST_FILE = NO;
				INFOPLIST_FILE = packaging/macos/Info.plist;
				LD_RUNPATH_SEARCH_PATHS = "$(inherited) @executable_path/../Frameworks";
				MACOSX_DEPLOYMENT_TARGET = 13.0;
				MARKETING_VERSION = 0.1.9;
				PRODUCT_BUNDLE_IDENTIFIER = io.github.preetsuthar17.knook;
				PRODUCT_NAME = knook;
				SDKROOT = macosx;
				SWIFT_EMIT_LOC_STRINGS = YES;
				SWIFT_VERSION = 6.0;
			};
			name = Release;
		};
		FF6FB1E289F9B778805000D6 /* Debug */ = {
			isa = XCBuildConfiguration;
			buildSettings = {
				DEFINES_MODULE = YES;
				EXECUTABLE_PREFIX = lib;
				MACH_O_TYPE = staticlib;
				MACOSX_DEPLOYMENT_TARGET = 13.0;
				PRODUCT_NAME = Core;
				SDKROOT = macosx;
				SKIP_INSTALL = YES;
				SWIFT_VERSION = 6.0;
			};
			name = Debug;
		};
/* End XCBuildConfiguration section */

/* Begin XCConfigurationList section */
		8C8466AF6F36A0F609B76BEC /* Build configuration list for PBXNativeTarget "Core" */ = {
			isa = XCConfigurationList;
			buildConfigurations = (
				FF6FB1E289F9B778805000D6 /* Debug */,
				11FF5C161830AD37163DF36B /* Release */,
			);
			defaultConfigurationIsVisible = 0;
			defaultConfigurationName = Release;
		};
		98C62804861D04AE6FE6CA1D /* Build configuration list for PBXProject "knook" */ = {
			isa = XCConfigurationList;
			buildConfigurations = (
				1D78FD284B3FD51D69B13A68 /* Debug */,
				C9B43899CE0B8AB0FCDF0C67 /* Release */,
			);
			defaultConfigurationIsVisible = 0;
			defaultConfigurationName = Release;
		};
		F9C6EDB64566B866483939A6 /* Build configuration list for PBXNativeTarget "knook" */ = {
			isa = XCConfigurationList;
			buildConfigurations = (
				71BB9A59088360A573A30030 /* Debug */,
				F282553260B81E4EC2260108 /* Release */,
			);
			defaultConfigurationIsVisible = 0;
			defaultConfigurationName = Release;
		};
/* End XCConfigurationList section */

/* Begin XCRemoteSwiftPackageReference section */
		06F32C3F14AA1643023D7A07 /* XCRemoteSwiftPackageReference "ConfettiSwiftUI" */ = {
			isa = XCRemoteSwiftPackageReference;
			repositoryURL = "https://github.com/simibac/ConfettiSwiftUI.git";
			requirement = {
				kind = upToNextMajorVersion;
				minimumVersion = 1.1.0;
			};
		};
/* End XCRemoteSwiftPackageReference section */

/* Begin XCSwiftPackageProductDependency section */
		013FE8054996EA5F68465CDA /* ConfettiSwiftUI */ = {
			isa = XCSwiftPackageProductDependency;
			package = 06F32C3F14AA1643023D7A07 /* XCRemoteSwiftPackageReference "ConfettiSwiftUI" */;
			productName = ConfettiSwiftUI;
		};
/* End XCSwiftPackageProductDependency section */
	};
	rootObject = C8FA99FAB6188905F6C22179 /* Project object */;
}
